
Microsoft Visual Studio Solution File, Format Version 12.00
# Visual Studio 15
VisualStudioVersion = 15.0.28307.1831
MinimumVisualStudioVersion = 10.0.40219.1
Project("{FAE04EC0-301F-11D3-BF4B-00C04F79EFBC}") = "NetFrameworkProject", "NetFrameworkProject\NetFrameworkProject.csproj", "{4B137191-62D7-47CF-9F84-0727C0A5089D}"
EndProject
Project("{FAE04EC0-301F-11D3-BF4B-00C04F79EFBC}") = "NetFrameworkProject.Tests", "NetFrameworkProject.Tests\NetFrameworkProject.Tests.csproj", "{E1D2E186-EE41-4DBE-A754-1AD189E6DD6F}"
EndProject
Global
	GlobalSection(SolutionConfigurationPlatforms) = preSolution
		Debug|Any CPU = Debug|Any CPU
		Release|Any CPU = Release|Any CPU
	EndGlobalSection
	GlobalSection(ProjectConfigurationPlatforms) = postSolution
		{4B137191-62D7-47CF-9F84-0727C0A5089D}.Debug|Any CPU.ActiveCfg = Debug|Any CPU
		{4B137191-62D7-47CF-9F84-0727C0A5089D}.Debug|Any CPU.Build.0 = Debug|Any CPU
		{4B137191-62D7-47CF-9F84-0727C0A5089D}.Release|Any CPU.ActiveCfg = Release|Any CPU
		{4B137191-62D7-47CF-9F84-0727C0A5089D}.Release|Any CPU.Build.0 = Release|Any CPU
		{E1D2E186-EE41-4DBE-A754-1AD189E6DD6F}.Debug|Any CPU.ActiveCfg = Debug|Any CPU
		{E1D2E186-EE41-4DBE-A754-1AD189E6DD6F}.Debug|Any CPU.Build.0 = Debug|Any CPU
		{E1D2E186-EE41-4DBE-A754-1AD189E6DD6F}.Release|Any CPU.ActiveCfg = Release|Any CPU
		{E1D2E186-EE41-4DBE-A754-1AD189E6DD6F}.Release|Any CPU.Build.0 = Release|Any CPU
	EndGlobalSection
	GlobalSection(SolutionProperties) = preSolution
		HideSolutionNode = FALSE
	EndGlobalSection
	GlobalSection(ExtensibilityGlobals) = postSolution
		SolutionGuid = {3619D28C-7C84-46CE-B921-A1D1CCDA11D4}
	EndGlobalSection
EndGlobal
